
Microsoft Visual Studio Solution File, Format Version 12.00
# Visual Studio Version 17
VisualStudioVersion = 17.9.34607.119
MinimumVisualStudioVersion = 10.0.40219.1
Project("{FAE04EC0-301F-11D3-BF4B-00C04F79EFBC}") = "JobzApi", "JobzApi\JobzApi.csproj", "{4BD55375-2125-481B-B9A6-7C975AEE0033}"
EndProject
Global
	GlobalSection(SolutionConfigurationPlatforms) = preSolution
		Debug|Any CPU = Debug|Any CPU
		Release|Any CPU = Release|Any CPU
	EndGlobalSection
	GlobalSection(ProjectConfigurationPlatforms) = postSolution
		{4BD55375-2125-481B-B9A6-7C975AEE0033}.Debug|Any CPU.ActiveCfg = Debug|Any CPU
		{4BD55375-2125-481B-B9A6-7C975AEE0033}.Debug|Any CPU.Build.0 = Debug|Any CPU
		{4BD55375-2125-481B-B9A6-7C975AEE0033}.Release|Any CPU.ActiveCfg = Release|Any CPU
		{4BD55375-2125-481B-B9A6-7C975AEE0033}.Release|Any CPU.Build.0 = Release|Any CPU
	EndGlobalSection
	GlobalSection(SolutionProperties) = preSolution
		HideSolutionNode = FALSE
	EndGlobalSection
	GlobalSection(ExtensibilityGlobals) = postSolution
		SolutionGuid = {B3B9B9D9-994E-4E6F-BC87-D1435017B72A}
	EndGlobalSection
EndGlobal
